# This file was autogenerated by Stack.
# You should not edit this file by hand.
# For more information, please see the documentation at:
#   https://docs.haskellstack.org/en/stable/lock_files

packages:
- completed:
    hackage: http-api-data-0.4.3@sha256:31005a0514d795d38574239910fcc94810f16b2254a0d9ded7cc08bb8e211fc6,3812
    pantry-tree:
      size: 887
      sha256: 77988800cdcc66b087154c5dce6ad69f2e8a07d7c946fbb5dc167146cae7bdd9
  original:
    hackage: http-api-data-0.4.3@sha256:31005a0514d795d38574239910fcc94810f16b2254a0d9ded7cc08bb8e211fc6,3812
snapshots:
- completed:
    size: 567241
    url: https://raw.githubusercontent.com/commercialhaskell/stackage-snapshots/master/lts/17/10.yaml
    sha256: 321b3b9f0c7f76994b39e0dabafdc76478274b4ff74cc5e43d410897a335ad3b
  original: lts-17.10
